
Microsoft Visual Studio Solution File, Format Version 12.00
# Visual Studio 14
VisualStudioVersion = 14.0.23107.0
MinimumVisualStudioVersion = 10.0.40219.1
Project("{FAE04EC0-301F-11D3-BF4B-00C04F79EFBC}") = "OverCR.ExtensionSystem.Bootstrap", "OverCR.ExtensionSystem.Bootstrap\OverCR.ExtensionSystem.Bootstrap.csproj", "{D49EE509-D17C-48F2-841D-AD69D186B767}"
EndProject
Project("{FAE04EC0-301F-11D3-BF4B-00C04F79EFBC}") = "OverCR.ExtensionSystem.Manager", "OverCR.ExtensionSystem.Manager\OverCR.ExtensionSystem.Manager.csproj", "{1351AFAB-6959-43ED-B511-5A6ABAB753C7}"
EndProject
Project("{FAE04EC0-301F-11D3-BF4B-00C04F79EFBC}") = "OverCR.ExtensionSystem.API", "OverCR.ExtensionSystem.API\OverCR.ExtensionSystem.API.csproj", "{ACE7851F-CC2D-4CE8-ACA9-996E8DC09268}"
EndProject
Project("{FAE04EC0-301F-11D3-BF4B-00C04F79EFBC}") = "OverCR.MusicSwitcher.Extension", "OverCR.MusicSwitcher.Extension\OverCR.MusicSwitcher.Extension.csproj", "{CBF2906B-B12E-4870-9C4D-1FAFCB81CE27}"
EndProject
Global
	GlobalSection(SolutionConfigurationPlatforms) = preSolution
		Debug|Any CPU = Debug|Any CPU
		Release|Any CPU = Release|Any CPU
	EndGlobalSection
	GlobalSection(ProjectConfigurationPlatforms) = postSolution
		{D49EE509-D17C-48F2-841D-AD69D186B767}.Debug|Any CPU.ActiveCfg = Debug|Any CPU
		{D49EE509-D17C-48F2-841D-AD69D186B767}.Debug|Any CPU.Build.0 = Debug|Any CPU
		{D49EE509-D17C-48F2-841D-AD69D186B767}.Release|Any CPU.ActiveCfg = Release|Any CPU
		{D49EE509-D17C-48F2-841D-AD69D186B767}.Release|Any CPU.Build.0 = Release|Any CPU
		{1351AFAB-6959-43ED-B511-5A6ABAB753C7}.Debug|Any CPU.ActiveCfg = Debug|Any CPU
		{1351AFAB-6959-43ED-B511-5A6ABAB753C7}.Debug|Any CPU.Build.0 = Debug|Any CPU
		{1351AFAB-6959-43ED-B511-5A6ABAB753C7}.Release|Any CPU.ActiveCfg = Release|Any CPU
		{1351AFAB-6959-43ED-B511-5A6ABAB753C7}.Release|Any CPU.Build.0 = Release|Any CPU
		{ACE7851F-CC2D-4CE8-ACA9-996E8DC09268}.Debug|Any CPU.ActiveCfg = Debug|Any CPU
		{ACE7851F-CC2D-4CE8-ACA9-996E8DC09268}.Debug|Any CPU.Build.0 = Debug|Any CPU
		{ACE7851F-CC2D-4CE8-ACA9-996E8DC09268}.Release|Any CPU.ActiveCfg = Release|Any CPU
		{ACE7851F-CC2D-4CE8-ACA9-996E8DC09268}.Release|Any CPU.Build.0 = Release|Any CPU
		{CBF2906B-B12E-4870-9C4D-1FAFCB81CE27}.Debug|Any CPU.ActiveCfg = Debug|Any CPU
		{CBF2906B-B12E-4870-9C4D-1FAFCB81CE27}.Debug|Any CPU.Build.0 = Debug|Any CPU
		{CBF2906B-B12E-4870-9C4D-1FAFCB81CE27}.Release|Any CPU.ActiveCfg = Release|Any CPU
		{CBF2906B-B12E-4870-9C4D-1FAFCB81CE27}.Release|Any CPU.Build.0 = Release|Any CPU
	EndGlobalSection
	GlobalSection(SolutionProperties) = preSolution
		HideSolutionNode = FALSE
	EndGlobalSection
EndGlobal
