
Microsoft Visual Studio Solution File, Format Version 12.00
# Visual Studio 14
VisualStudioVersion = 14.0.23107.0
MinimumVisualStudioVersion = 10.0.40219.1
Project("{FAE04EC0-301F-11D3-BF4B-00C04F79EFBC}") = "OverCR.ExtensionSystem.Bootstrap", "OverCR.ExtensionSystem.Bootstrap\OverCR.ExtensionSystem.Bootstrap.csproj", "{D49EE509-D17C-48F2-841D-AD69D186B767}"
EndProject
Project("{FAE04EC0-301F-11D3-BF4B-00C04F79EFBC}") = "OverCR.ExtensionSystem.Manager", "OverCR.ExtensionSystem.Manager\OverCR.ExtensionSystem.Manager.csproj", "{1351AFAB-6959-43ED-B511-5A6ABAB753C7}"
EndProject
Project("{FAE04EC0-301F-11D3-BF4B-00C04F79EFBC}") = "OverCR.ExtensionSystem.API", "OverCR.ExtensionSystem.API\OverCR.ExtensionSystem.API.csproj", "{ACE7851F-CC2D-4CE8-ACA9-996E8DC09268}"
EndProject
Project("{FAE04EC0-301F-11D3-BF4B-00C04F79EFBC}") = "OverCR.MusicSwitcher.Extension", "OverCR.MusicSwitcher.Extension\OverCR.MusicSwitcher.Extension.csproj", "{CBF2906B-B12E-4870-9C4D-1FAFCB81CE27}"
EndProject
Project("{FAE04EC0-301F-11D3-BF4B-00C04F79EFBC}") = "OverCR.ChineseShop.Client.Extension", "OverCR.ChineseShop.Client.Extension\OverCR.ChineseShop.Client.Extension.csproj", "{8B86AB1E-721B-4709-B69A-3E91C6C5F314}"
EndProject
Project("{FAE04EC0-301F-11D3-BF4B-00C04F79EFBC}") = "OverCR.ChineseShop.Server.Extension", "OverCR.ChineseShop.Server.Extension\OverCR.ChineseShop.Server.Extension.csproj", "{8F90B6CA-E89C-49F0-A5CD-20BDEED35497}"
EndProject
Project("{FAE04EC0-301F-11D3-BF4B-00C04F79EFBC}") = "OverCR.SpeedTest.Extension", "OverCR.SpeedTest.Extension\OverCR.SpeedTest.Extension.csproj", "{4C18EDA2-203B-4F0C-B35D-5E4970F4A2B1}"
EndProject
Project("{FAE04EC0-301F-11D3-BF4B-00C04F79EFBC}") = "OverCR.OnlineNameHider.Extension", "OverCR.OnlineNameHider.Extension\OverCR.OnlineNameHider.Extension.csproj", "{50706C43-0C75-4BCF-A510-6AE5E342D910}"
EndProject
Project("{2150E333-8FDC-42A3-9474-1A3956D46DE8}") = "Extensions", "Extensions", "{743640CD-226C-420C-8028-1640B3E4F86C}"
EndProject
Global
	GlobalSection(SolutionConfigurationPlatforms) = preSolution
		Debug|Any CPU = Debug|Any CPU
		Release|Any CPU = Release|Any CPU
	EndGlobalSection
	GlobalSection(ProjectConfigurationPlatforms) = postSolution
		{D49EE509-D17C-48F2-841D-AD69D186B767}.Debug|Any CPU.ActiveCfg = Debug|Any CPU
		{D49EE509-D17C-48F2-841D-AD69D186B767}.Debug|Any CPU.Build.0 = Debug|Any CPU
		{D49EE509-D17C-48F2-841D-AD69D186B767}.Release|Any CPU.ActiveCfg = Release|Any CPU
		{D49EE509-D17C-48F2-841D-AD69D186B767}.Release|Any CPU.Build.0 = Release|Any CPU
		{1351AFAB-6959-43ED-B511-5A6ABAB753C7}.Debug|Any CPU.ActiveCfg = Debug|Any CPU
		{1351AFAB-6959-43ED-B511-5A6ABAB753C7}.Debug|Any CPU.Build.0 = Debug|Any CPU
		{1351AFAB-6959-43ED-B511-5A6ABAB753C7}.Release|Any CPU.ActiveCfg = Release|Any CPU
		{1351AFAB-6959-43ED-B511-5A6ABAB753C7}.Release|Any CPU.Build.0 = Release|Any CPU
		{ACE7851F-CC2D-4CE8-ACA9-996E8DC09268}.Debug|Any CPU.ActiveCfg = Debug|Any CPU
		{ACE7851F-CC2D-4CE8-ACA9-996E8DC09268}.Debug|Any CPU.Build.0 = Debug|Any CPU
		{ACE7851F-CC2D-4CE8-ACA9-996E8DC09268}.Release|Any CPU.ActiveCfg = Release|Any CPU
		{ACE7851F-CC2D-4CE8-ACA9-996E8DC09268}.Release|Any CPU.Build.0 = Release|Any CPU
		{CBF2906B-B12E-4870-9C4D-1FAFCB81CE27}.Debug|Any CPU.ActiveCfg = Debug|Any CPU
		{CBF2906B-B12E-4870-9C4D-1FAFCB81CE27}.Debug|Any CPU.Build.0 = Debug|Any CPU
		{CBF2906B-B12E-4870-9C4D-1FAFCB81CE27}.Release|Any CPU.ActiveCfg = Release|Any CPU
		{CBF2906B-B12E-4870-9C4D-1FAFCB81CE27}.Release|Any CPU.Build.0 = Release|Any CPU
		{8B86AB1E-721B-4709-B69A-3E91C6C5F314}.Debug|Any CPU.ActiveCfg = Debug|Any CPU
		{8B86AB1E-721B-4709-B69A-3E91C6C5F314}.Debug|Any CPU.Build.0 = Debug|Any CPU
		{8B86AB1E-721B-4709-B69A-3E91C6C5F314}.Release|Any CPU.ActiveCfg = Release|Any CPU
		{8B86AB1E-721B-4709-B69A-3E91C6C5F314}.Release|Any CPU.Build.0 = Release|Any CPU
		{8F90B6CA-E89C-49F0-A5CD-20BDEED35497}.Debug|Any CPU.ActiveCfg = Debug|Any CPU
		{8F90B6CA-E89C-49F0-A5CD-20BDEED35497}.Debug|Any CPU.Build.0 = Debug|Any CPU
		{8F90B6CA-E89C-49F0-A5CD-20BDEED35497}.Release|Any CPU.ActiveCfg = Release|Any CPU
		{8F90B6CA-E89C-49F0-A5CD-20BDEED35497}.Release|Any CPU.Build.0 = Release|Any CPU
		{4C18EDA2-203B-4F0C-B35D-5E4970F4A2B1}.Debug|Any CPU.ActiveCfg = Debug|Any CPU
		{4C18EDA2-203B-4F0C-B35D-5E4970F4A2B1}.Debug|Any CPU.Build.0 = Debug|Any CPU
		{4C18EDA2-203B-4F0C-B35D-5E4970F4A2B1}.Release|Any CPU.ActiveCfg = Release|Any CPU
		{4C18EDA2-203B-4F0C-B35D-5E4970F4A2B1}.Release|Any CPU.Build.0 = Release|Any CPU
		{50706C43-0C75-4BCF-A510-6AE5E342D910}.Debug|Any CPU.ActiveCfg = Debug|Any CPU
		{50706C43-0C75-4BCF-A510-6AE5E342D910}.Debug|Any CPU.Build.0 = Debug|Any CPU
		{50706C43-0C75-4BCF-A510-6AE5E342D910}.Release|Any CPU.ActiveCfg = Release|Any CPU
		{50706C43-0C75-4BCF-A510-6AE5E342D910}.Release|Any CPU.Build.0 = Release|Any CPU
	EndGlobalSection
	GlobalSection(SolutionProperties) = preSolution
		HideSolutionNode = FALSE
	EndGlobalSection
	GlobalSection(NestedProjects) = preSolution
		{CBF2906B-B12E-4870-9C4D-1FAFCB81CE27} = {743640CD-226C-420C-8028-1640B3E4F86C}
		{8B86AB1E-721B-4709-B69A-3E91C6C5F314} = {743640CD-226C-420C-8028-1640B3E4F86C}
		{8F90B6CA-E89C-49F0-A5CD-20BDEED35497} = {743640CD-226C-420C-8028-1640B3E4F86C}
		{4C18EDA2-203B-4F0C-B35D-5E4970F4A2B1} = {743640CD-226C-420C-8028-1640B3E4F86C}
		{50706C43-0C75-4BCF-A510-6AE5E342D910} = {743640CD-226C-420C-8028-1640B3E4F86C}
	EndGlobalSection
EndGlobal
